<?xml version="1.0" encoding="utf-8"?>
<Project ToolsVersion="4.0" xmlns="http://schemas.microsoft.com/developer/msbuild/2003">
  <ItemGroup>
    <Filter Include="Source Files">
      <UniqueIdentifier>{4FC737F1-C7A5-4376-A066-2A32D752A2FF}</UniqueIdentifier>
      <Extensions>cpp;c;cc;cxx;def;odl;idl;hpj;bat;asm;asmx</Extensions>
    </Filter>
    <Filter Include="Header Files">
      <UniqueIdentifier>{93995380-89BD-4b04-88EB-625FBE52EBFB}</UniqueIdentifier>
      <Extensions>h;hh;hpp;hxx;hm;inl;inc;xsd</Extensions>
    </Filter>
    <Filter Include="Resource Files">
      <UniqueIdentifier>{67DA6AB6-F800-4c08-8B7A-83BB121AAD01}</UniqueIdentifier>
      <Extensions>rc;ico;cur;bmp;dlg;rc2;rct;bin;rgs;gif;jpg;jpeg;jpe;resx;tiff;tif;png;wav;mfcribbon-ms</Extensions>
    </Filter>
    <Filter Include="Resource Files\Forward">
      <UniqueIdentifier>{c08ab77d-3cab-48ce-bf6d-005a64a812f8}</UniqueIdentifier>
    </Filter>
    <Filter Include="Resource Files\Bezier">
      <UniqueIdentifier>{c2e1fd18-23bd-42ab-a056-59cf80e5e76b}</UniqueIdentifier>
    </Filter>
    <Filter Include="Header Files\ShaderPrograms">
      <UniqueIdentifier>{7679dd5f-d63a-42a7-89d4-0fce2b5377ca}</UniqueIdentifier>
    </Filter>
    <Filter Include="Source Files\ShaderPrograms">
      <UniqueIdentifier>{18e6eccd-500f-49f6-baa4-8bbe3864520a}</UniqueIdentifier>
    </Filter>
    <Filter Include="Resource Files\Shaders">
      <UniqueIdentifier>{5f6f42ed-f304-48b7-a386-4f3a9a22f4e1}</UniqueIdentifier>
    </Filter>
    <Filter Include="Resource Files\Shaders\ConstantBuffer">
      <UniqueIdentifier>{3d457688-c556-4e89-87fa-77c1105f121d}</UniqueIdentifier>
    </Filter>
    <Filter Include="Resource Files\Shaders\StructuredBuffer">
      <UniqueIdentifier>{67cd83f3-ba87-4e85-b59d-513ad1e09db4}</UniqueIdentifier>
    </Filter>
  </ItemGroup>
  <ItemGroup>
    <ClCompile Include="main.cpp">
      <Filter>Source Files</Filter>
    </ClCompile>
    <ClCompile Include="DX11Window.cpp">
      <Filter>Source Files</Filter>
    </ClCompile>
    <ClCompile Include="MulticoreWindow.cpp">
      <Filter>Source Files</Filter>
    </ClCompile>
    <ClCompile Include="ComputeShader.cpp">
      <Filter>Source Files</Filter>
    </ClCompile>
    <ClCompile Include="Graph.cpp">
      <Filter>Source Files</Filter>
    </ClCompile>
    <ClCompile Include="ShaderProgram.cpp">
      <Filter>Source Files\ShaderPrograms</Filter>
    </ClCompile>
    <ClCompile Include="StructuredBufferShaderProgram.cpp">
      <Filter>Source Files\ShaderPrograms</Filter>
    </ClCompile>
    <ClCompile Include="ConstantBufferShaderProgram.cpp">
      <Filter>Source Files\ShaderPrograms</Filter>
    </ClCompile>
  </ItemGroup>
  <ItemGroup>
    <ClInclude Include="MulticoreWindow.h">
      <Filter>Header Files</Filter>
    </ClInclude>
    <ClInclude Include="DX11Window.h">
      <Filter>Header Files</Filter>
    </ClInclude>
    <ClInclude Include="resource.h">
      <Filter>Header Files</Filter>
    </ClInclude>
    <ClInclude Include="ComputeShader.h">
      <Filter>Header Files</Filter>
    </ClInclude>
    <ClInclude Include="Graph.h">
      <Filter>Header Files</Filter>
    </ClInclude>
    <ClInclude Include="SharedShaderBuffers.h">
      <Filter>Header Files</Filter>
    </ClInclude>
    <ClInclude Include="SharedShaderConstants.h">
      <Filter>Header Files</Filter>
    </ClInclude>
    <ClInclude Include="ShaderProgram.h">
      <Filter>Header Files\ShaderPrograms</Filter>
    </ClInclude>
    <ClInclude Include="StructuredBufferShaderProgram.h">
      <Filter>Header Files\ShaderPrograms</Filter>
    </ClInclude>
    <ClInclude Include="Shaders\ConstantBuffer\ConstantBufferSharedBuffers.h">
      <Filter>Resource Files\Shaders\ConstantBuffer</Filter>
    </ClInclude>
    <ClInclude Include="Shaders\ConstantBuffer\ConstantBufferSharedConstants.h">
      <Filter>Resource Files\Shaders\ConstantBuffer</Filter>
    </ClInclude>
    <ClInclude Include="Shaders\StructuredBuffer\StructuredBufferSharedBuffers.h">
      <Filter>Resource Files\Shaders\StructuredBuffer</Filter>
    </ClInclude>
    <ClInclude Include="Shaders\StructuredBuffer\StructuredBufferSharedConstants.h">
      <Filter>Resource Files\Shaders\StructuredBuffer</Filter>
    </ClInclude>
    <ClInclude Include="ConstantBufferShaderProgram.h">
      <Filter>Header Files\ShaderPrograms</Filter>
    </ClInclude>
  </ItemGroup>
  <ItemGroup>
    <FxCompile Include="BezierConstants.hlsl">
      <Filter>Resource Files\Bezier</Filter>
    </FxCompile>
    <FxCompile Include="BezierDomainShader.hlsl">
      <Filter>Resource Files\Bezier</Filter>
    </FxCompile>
    <FxCompile Include="BezierHullShader.hlsl">
      <Filter>Resource Files\Bezier</Filter>
    </FxCompile>
    <FxCompile Include="BezierPixelShader.hlsl">
      <Filter>Resource Files\Bezier</Filter>
    </FxCompile>
    <FxCompile Include="BezierVertexShader.hlsl">
      <Filter>Resource Files\Bezier</Filter>
    </FxCompile>
    <FxCompile Include="BulbPixelShader.hlsl">
      <Filter>Resource Files\Forward</Filter>
    </FxCompile>
    <FxCompile Include="BulbVertexShader.hlsl">
      <Filter>Resource Files\Forward</Filter>
    </FxCompile>
    <FxCompile Include="DashedLinePixelShader.hlsl">
      <Filter>Resource Files\Forward</Filter>
    </FxCompile>
    <FxCompile Include="DashedLineVertexShader.hlsl">
      <Filter>Resource Files\Forward</Filter>
    </FxCompile>
    <FxCompile Include="Constants.hlsl">
      <Filter>Resource Files</Filter>
    </FxCompile>
    <FxCompile Include="Shaders\StructuredBuffer\Intersection.hlsl">
      <Filter>Resource Files\Shaders\StructuredBuffer</Filter>
    </FxCompile>
    <FxCompile Include="Shaders\StructuredBuffer\PrimaryRayGenerator.hlsl">
      <Filter>Resource Files\Shaders\StructuredBuffer</Filter>
    </FxCompile>
    <FxCompile Include="Shaders\StructuredBuffer\Shading.hlsl">
      <Filter>Resource Files\Shaders\StructuredBuffer</Filter>
    </FxCompile>
    <FxCompile Include="Shaders\StructuredBuffer\Composit.hlsl">
      <Filter>Resource Files\Shaders\StructuredBuffer</Filter>
    </FxCompile>
    <FxCompile Include="Shaders\ConstantBuffer\Composit.hlsl">
      <Filter>Resource Files\Shaders\ConstantBuffer</Filter>
    </FxCompile>
    <FxCompile Include="Shaders\ConstantBuffer\Intersection.hlsl">
      <Filter>Resource Files\Shaders\ConstantBuffer</Filter>
    </FxCompile>
    <FxCompile Include="Shaders\ConstantBuffer\PrimaryRayGenerator.hlsl">
      <Filter>Resource Files\Shaders\ConstantBuffer</Filter>
    </FxCompile>
    <FxCompile Include="Shaders\ConstantBuffer\Shading.hlsl">
      <Filter>Resource Files\Shaders\ConstantBuffer</Filter>
    </FxCompile>
  </ItemGroup>
</Project>