<?xml version="1.0" encoding="utf-8"?>
<Project ToolsVersion="4.0" xmlns="http://schemas.microsoft.com/developer/msbuild/2003">
  <ItemGroup>
    <Filter Include="Source Files">
      <UniqueIdentifier>{4FC737F1-C7A5-4376-A066-2A32D752A2FF}</UniqueIdentifier>
      <Extensions>cpp;c;cc;cxx;def;odl;idl;hpj;bat;asm;asmx</Extensions>
    </Filter>
    <Filter Include="Header Files">
      <UniqueIdentifier>{93995380-89BD-4b04-88EB-625FBE52EBFB}</UniqueIdentifier>
      <Extensions>h;hh;hpp;hxx;hm;inl;inc;xsd</Extensions>
    </Filter>
    <Filter Include="Resource Files">
      <UniqueIdentifier>{67DA6AB6-F800-4c08-8B7A-83BB121AAD01}</UniqueIdentifier>
      <Extensions>rc;ico;cur;bmp;dlg;rc2;rct;bin;rgs;gif;jpg;jpeg;jpe;resx;tiff;tif;png;wav;mfcribbon-ms</Extensions>
    </Filter>
    <Filter Include="Header Files\states">
      <UniqueIdentifier>{72b46a63-9986-41eb-8923-7c0b10fbb935}</UniqueIdentifier>
    </Filter>
    <Filter Include="Source Files\states">
      <UniqueIdentifier>{28c9c09b-0575-4e8e-8fd1-d113c04c3832}</UniqueIdentifier>
    </Filter>
    <Filter Include="Header Files\Shader">
      <UniqueIdentifier>{58b04f3d-a307-443b-933e-8b664d558883}</UniqueIdentifier>
    </Filter>
    <Filter Include="Source Files\Shader">
      <UniqueIdentifier>{1b6c9412-4ece-40cf-85bd-9d2a5d1cdfb4}</UniqueIdentifier>
    </Filter>
  </ItemGroup>
  <ItemGroup>
    <ClCompile Include="DDSTextureLoader.cpp">
      <Filter>Source Files</Filter>
    </ClCompile>
    <ClCompile Include="Input.cpp">
      <Filter>Source Files</Filter>
    </ClCompile>
    <ClCompile Include="Logger.cpp">
      <Filter>Source Files</Filter>
    </ClCompile>
    <ClCompile Include="Rect.cpp">
      <Filter>Source Files</Filter>
    </ClCompile>
    <ClCompile Include="SpriteRenderer.cpp">
      <Filter>Source Files</Filter>
    </ClCompile>
    <ClCompile Include="Texture2D.cpp">
      <Filter>Source Files</Filter>
    </ClCompile>
    <ClCompile Include="Timer.cpp">
      <Filter>Source Files</Filter>
    </ClCompile>
    <ClCompile Include="XmlAttribute.cpp">
      <Filter>Source Files</Filter>
    </ClCompile>
    <ClCompile Include="XmlElement.cpp">
      <Filter>Source Files</Filter>
    </ClCompile>
    <ClCompile Include="XmlFile.cpp">
      <Filter>Source Files</Filter>
    </ClCompile>
    <ClCompile Include="CharacterSet.cpp">
      <Filter>Source Files</Filter>
    </ClCompile>
    <ClCompile Include="Content.cpp">
      <Filter>Source Files</Filter>
    </ClCompile>
    <ClCompile Include="ContentManager.cpp">
      <Filter>Source Files</Filter>
    </ClCompile>
    <ClCompile Include="D3D11Timer.cpp">
      <Filter>Source Files</Filter>
    </ClCompile>
    <ClCompile Include="ShaderResourceBinds.cpp">
      <Filter>Source Files</Filter>
    </ClCompile>
    <ClCompile Include="BlendStates.cpp">
      <Filter>Source Files\states</Filter>
    </ClCompile>
    <ClCompile Include="SamplerStates.cpp">
      <Filter>Source Files\states</Filter>
    </ClCompile>
    <ClCompile Include="DepthStencilStates.cpp">
      <Filter>Source Files\states</Filter>
    </ClCompile>
    <ClCompile Include="RasterizerStates.cpp">
      <Filter>Source Files</Filter>
    </ClCompile>
    <ClCompile Include="PixelShader.cpp">
      <Filter>Source Files\Shader</Filter>
    </ClCompile>
    <ClCompile Include="VertexShader.cpp">
      <Filter>Source Files\Shader</Filter>
    </ClCompile>
    <ClCompile Include="DXBuffer.cpp">
      <Filter>Source Files\Shader</Filter>
    </ClCompile>
    <ClCompile Include="OBJFile.cpp">
      <Filter>Source Files</Filter>
    </ClCompile>
  </ItemGroup>
  <ItemGroup>
    <ClInclude Include="DDSTextureLoader.h">
      <Filter>Header Files</Filter>
    </ClInclude>
    <ClInclude Include="DirectXHelpers.h">
      <Filter>Header Files</Filter>
    </ClInclude>
    <ClInclude Include="Input.h">
      <Filter>Header Files</Filter>
    </ClInclude>
    <ClInclude Include="KeyState.h">
      <Filter>Header Files</Filter>
    </ClInclude>
    <ClInclude Include="Logger.h">
      <Filter>Header Files</Filter>
    </ClInclude>
    <ClInclude Include="Pch.h">
      <Filter>Header Files</Filter>
    </ClInclude>
    <ClInclude Include="PixelShader.h">
      <Filter>Header Files</Filter>
    </ClInclude>
    <ClInclude Include="PlatformHelpers.h">
      <Filter>Header Files</Filter>
    </ClInclude>
    <ClInclude Include="Rect.h">
      <Filter>Header Files</Filter>
    </ClInclude>
    <ClInclude Include="Shader.h">
      <Filter>Header Files</Filter>
    </ClInclude>
    <ClInclude Include="SpriteBatch.h">
      <Filter>Header Files</Filter>
    </ClInclude>
    <ClInclude Include="SpriteInfo.h">
      <Filter>Header Files</Filter>
    </ClInclude>
    <ClInclude Include="SpriteRenderer.h">
      <Filter>Header Files</Filter>
    </ClInclude>
    <ClInclude Include="Texture2D.h">
      <Filter>Header Files</Filter>
    </ClInclude>
    <ClInclude Include="Timer.h">
      <Filter>Header Files</Filter>
    </ClInclude>
    <ClInclude Include="Vertex2D.h">
      <Filter>Header Files</Filter>
    </ClInclude>
    <ClInclude Include="VertexShader.h">
      <Filter>Header Files</Filter>
    </ClInclude>
    <ClInclude Include="XmlAttribute.h">
      <Filter>Header Files</Filter>
    </ClInclude>
    <ClInclude Include="XmlElement.h">
      <Filter>Header Files</Filter>
    </ClInclude>
    <ClInclude Include="XmlFile.h">
      <Filter>Header Files</Filter>
    </ClInclude>
    <ClInclude Include="BatchData.h">
      <Filter>Header Files</Filter>
    </ClInclude>
    <ClInclude Include="Character.h">
      <Filter>Header Files</Filter>
    </ClInclude>
    <ClInclude Include="CharacterBlock.h">
      <Filter>Header Files</Filter>
    </ClInclude>
    <ClInclude Include="CharacterSet.h">
      <Filter>Header Files</Filter>
    </ClInclude>
    <ClInclude Include="ConstructedString.h">
      <Filter>Header Files</Filter>
    </ClInclude>
    <ClInclude Include="Content.h">
      <Filter>Header Files</Filter>
    </ClInclude>
    <ClInclude Include="ContentCreationParameters.h">
      <Filter>Header Files</Filter>
    </ClInclude>
    <ClInclude Include="ContentManager.h">
      <Filter>Header Files</Filter>
    </ClInclude>
    <ClInclude Include="ContentParameters.h">
      <Filter>Header Files</Filter>
    </ClInclude>
    <ClInclude Include="DDS.h">
      <Filter>Header Files</Filter>
    </ClInclude>
    <ClInclude Include="Texture2DCreateParameters.h">
      <Filter>Header Files</Filter>
    </ClInclude>
    <ClInclude Include="Texture2DParameters.h">
      <Filter>Header Files</Filter>
    </ClInclude>
    <ClInclude Include="Common.h">
      <Filter>Header Files</Filter>
    </ClInclude>
    <ClInclude Include="D3D11Timer.h">
      <Filter>Header Files</Filter>
    </ClInclude>
    <ClInclude Include="BlendStates.h">
      <Filter>Header Files\states</Filter>
    </ClInclude>
    <ClInclude Include="DepthStencilStates.h">
      <Filter>Header Files\states</Filter>
    </ClInclude>
    <ClInclude Include="SamplerStates.h">
      <Filter>Header Files\states</Filter>
    </ClInclude>
    <ClInclude Include="States.h">
      <Filter>Header Files\states</Filter>
    </ClInclude>
    <ClInclude Include="RasterizerStates.h">
      <Filter>Header Files\states</Filter>
    </ClInclude>
    <ClInclude Include="ShaderResourceBinds.h">
      <Filter>Header Files\Shader</Filter>
    </ClInclude>
    <ClInclude Include="DXBuffer.h">
      <Filter>Header Files</Filter>
    </ClInclude>
    <ClInclude Include="OBJFile.h">
      <Filter>Header Files</Filter>
    </ClInclude>
  </ItemGroup>
  <ItemGroup>
    <FxCompile Include="..\..\multicore\multicore\SpriteRendererPixelShader.hlsl">
      <Filter>Resource Files</Filter>
    </FxCompile>
    <FxCompile Include="..\..\multicore\multicore\SpriteRendererVertexShader.hlsl">
      <Filter>Resource Files</Filter>
    </FxCompile>
  </ItemGroup>
</Project>